
Microsoft Visual Studio Solution File, Format Version 12.00
# Visual Studio Version 17
VisualStudioVersion = 17.2.32630.192
MinimumVisualStudioVersion = 10.0.40219.1
Project("{9A19103F-16F7-4668-BE54-9A1E7A4F7556}") = "R5T.O0022", "R5T.O0022\R5T.O0022.csproj", "{83580FF9-34FC-4D59-BCB9-E90359E6A2C8}"
EndProject
Project("{2150E333-8FDC-42A3-9474-1A3956D46DE8}") = "_Dependencies", "_Dependencies", "{FBFB0BE0-60C1-48B7-A4E8-8C79240A13A0}"
EndProject
Project("{9A19103F-16F7-4668-BE54-9A1E7A4F7556}") = "R5T.F0000", "..\..\R5T.F0000\source\R5T.F0000\R5T.F0000.csproj", "{3BFCF4F1-6E2E-4A2B-9C23-E545FBFCDE3F}"
EndProject
Project("{9A19103F-16F7-4668-BE54-9A1E7A4F7556}") = "R5T.F0002", "..\..\R5T.F0002\source\R5T.F0002\R5T.F0002.csproj", "{D6CFAFD0-8C02-40DA-9F3F-2AAD171A0B05}"
EndProject
Project("{9A19103F-16F7-4668-BE54-9A1E7A4F7556}") = "R5T.F0120", "..\..\R5T.F0120\source\R5T.F0120\R5T.F0120.csproj", "{02C1FF01-F3CC-4D42-A06D-2646A391482A}"
EndProject
Project("{9A19103F-16F7-4668-BE54-9A1E7A4F7556}") = "R5T.F0124", "..\..\R5T.F0124\source\R5T.F0124\R5T.F0124.csproj", "{6C4820F6-E43D-4AB6-BB89-898FA5E7A14A}"
EndProject
Project("{9A19103F-16F7-4668-BE54-9A1E7A4F7556}") = "R5T.F0125", "..\..\R5T.F0125\source\R5T.F0125\R5T.F0125.csproj", "{F939BF5D-73E4-434F-A479-2A469D737698}"
EndProject
Project("{9A19103F-16F7-4668-BE54-9A1E7A4F7556}") = "R5T.F0137", "..\..\R5T.F0137\source\R5T.F0137\R5T.F0137.csproj", "{FFB64411-6DA6-4071-8D7B-38E63ED1C9AC}"
EndProject
Project("{9A19103F-16F7-4668-BE54-9A1E7A4F7556}") = "R5T.L0030.T000", "..\..\R5T.L0030\source\R5T.L0030.T000\R5T.L0030.T000.csproj", "{F2553F72-DF58-4CE8-9E6F-BB6C9FCB64E3}"
EndProject
Project("{9A19103F-16F7-4668-BE54-9A1E7A4F7556}") = "R5T.L0030", "..\..\R5T.L0030\source\R5T.L0030\R5T.L0030.csproj", "{203C004D-DEFF-43FA-AEF5-40240EC39776}"
EndProject
Project("{9A19103F-16F7-4668-BE54-9A1E7A4F7556}") = "R5T.L0034", "..\..\R5T.L0034\source\R5T.L0034\R5T.L0034.csproj", "{D0065D91-3F73-40F3-980D-FDBD289EFBAF}"
EndProject
Project("{9A19103F-16F7-4668-BE54-9A1E7A4F7556}") = "R5T.L0035", "..\..\R5T.L0035\source\R5T.L0035\R5T.L0035.csproj", "{607DCE8A-8C1C-43E8-80CD-6E2EDB210473}"
EndProject
Project("{9A19103F-16F7-4668-BE54-9A1E7A4F7556}") = "R5T.T0131", "..\..\R5T.T0131\source\R5T.T0131\R5T.T0131.csproj", "{049F9673-3DD4-4F6B-978B-FEA65CF560AE}"
EndProject
Project("{9A19103F-16F7-4668-BE54-9A1E7A4F7556}") = "R5T.T0132", "..\..\R5T.T0132\source\R5T.T0132\R5T.T0132.csproj", "{BD246C2E-A3BF-4E2D-A201-6569B5183471}"
EndProject
Project("{9A19103F-16F7-4668-BE54-9A1E7A4F7556}") = "R5T.T0142", "..\..\R5T.T0142\source\R5T.T0142\R5T.T0142.csproj", "{6EF29C48-7B02-4989-BEE8-5B9102870BF8}"
EndProject
Project("{9A19103F-16F7-4668-BE54-9A1E7A4F7556}") = "R5T.T0143", "..\..\R5T.T0143\source\R5T.T0143\R5T.T0143.csproj", "{D3E167A2-907B-4438-8B53-47AF59C48715}"
EndProject
Project("{9A19103F-16F7-4668-BE54-9A1E7A4F7556}") = "R5T.T0156", "..\..\R5T.T0156\source\R5T.T0156\R5T.T0156.csproj", "{12CE9411-4688-4A78-BED0-86DB25150B63}"
EndProject
Project("{9A19103F-16F7-4668-BE54-9A1E7A4F7556}") = "R5T.T0174", "..\..\R5T.T0174\source\R5T.T0174\R5T.T0174.csproj", "{8DB9142A-D11E-41B0-8BA5-57685DA88945}"
EndProject
Project("{9A19103F-16F7-4668-BE54-9A1E7A4F7556}") = "R5T.T0176", "..\..\R5T.T0176\source\R5T.T0176\R5T.T0176.csproj", "{D2C9C1DD-6CAF-4612-874E-F42B22B3D003}"
EndProject
Project("{9A19103F-16F7-4668-BE54-9A1E7A4F7556}") = "R5T.T0177", "..\..\R5T.T0177\source\R5T.T0177\R5T.T0177.csproj", "{B19219BB-F721-440D-BD05-D2FDD753204D}"
EndProject
Project("{9A19103F-16F7-4668-BE54-9A1E7A4F7556}") = "R5T.T0178", "..\..\R5T.T0178\source\R5T.T0178\R5T.T0178.csproj", "{3BAB1177-1FF0-4BA7-BAE2-74C55766D7E5}"
EndProject
Project("{9A19103F-16F7-4668-BE54-9A1E7A4F7556}") = "R5T.T0179", "..\..\R5T.T0179\source\R5T.T0179\R5T.T0179.csproj", "{CF7FCB92-9C7B-4D14-ADDD-252FB7693382}"
EndProject
Project("{9A19103F-16F7-4668-BE54-9A1E7A4F7556}") = "R5T.T0180", "..\..\R5T.T0180\source\R5T.T0180\R5T.T0180.csproj", "{480A2BF1-1ABE-4621-8D9F-2F01112871D0}"
EndProject
Project("{9A19103F-16F7-4668-BE54-9A1E7A4F7556}") = "R5T.T0181", "..\..\R5T.T0181\source\R5T.T0181\R5T.T0181.csproj", "{17532577-57D7-4021-9240-3822F880AB93}"
EndProject
Project("{9A19103F-16F7-4668-BE54-9A1E7A4F7556}") = "R5T.T0185", "..\..\R5T.T0185\source\R5T.T0185\R5T.T0185.csproj", "{FB0EB367-9181-4D00-8F5C-EC52C9D2E278}"
EndProject
Project("{9A19103F-16F7-4668-BE54-9A1E7A4F7556}") = "R5T.T0203", "..\..\R5T.T0203\source\R5T.T0203\R5T.T0203.csproj", "{1346E3CA-6FEE-44F7-A6FE-911313254217}"
EndProject
Project("{9A19103F-16F7-4668-BE54-9A1E7A4F7556}") = "R5T.Y0000", "..\..\R5T.Y0000\source\R5T.Y0000\R5T.Y0000.csproj", "{093A6AEA-69EA-4DF4-87A2-9D5998A21F7D}"
EndProject
Project("{9A19103F-16F7-4668-BE54-9A1E7A4F7556}") = "R5T.Z0000", "..\..\R5T.Z0000\source\R5T.Z0000\R5T.Z0000.csproj", "{D92E547A-B974-4118-BBD3-22B610B435BB}"
EndProject
Global
	GlobalSection(NestedProjects) = preSolution
		{3BFCF4F1-6E2E-4A2B-9C23-E545FBFCDE3F} = {FBFB0BE0-60C1-48B7-A4E8-8C79240A13A0}
		{D6CFAFD0-8C02-40DA-9F3F-2AAD171A0B05} = {FBFB0BE0-60C1-48B7-A4E8-8C79240A13A0}
		{02C1FF01-F3CC-4D42-A06D-2646A391482A} = {FBFB0BE0-60C1-48B7-A4E8-8C79240A13A0}
		{6C4820F6-E43D-4AB6-BB89-898FA5E7A14A} = {FBFB0BE0-60C1-48B7-A4E8-8C79240A13A0}
		{F939BF5D-73E4-434F-A479-2A469D737698} = {FBFB0BE0-60C1-48B7-A4E8-8C79240A13A0}
		{FFB64411-6DA6-4071-8D7B-38E63ED1C9AC} = {FBFB0BE0-60C1-48B7-A4E8-8C79240A13A0}
		{F2553F72-DF58-4CE8-9E6F-BB6C9FCB64E3} = {FBFB0BE0-60C1-48B7-A4E8-8C79240A13A0}
		{203C004D-DEFF-43FA-AEF5-40240EC39776} = {FBFB0BE0-60C1-48B7-A4E8-8C79240A13A0}
		{D0065D91-3F73-40F3-980D-FDBD289EFBAF} = {FBFB0BE0-60C1-48B7-A4E8-8C79240A13A0}
		{607DCE8A-8C1C-43E8-80CD-6E2EDB210473} = {FBFB0BE0-60C1-48B7-A4E8-8C79240A13A0}
		{049F9673-3DD4-4F6B-978B-FEA65CF560AE} = {FBFB0BE0-60C1-48B7-A4E8-8C79240A13A0}
		{BD246C2E-A3BF-4E2D-A201-6569B5183471} = {FBFB0BE0-60C1-48B7-A4E8-8C79240A13A0}
		{6EF29C48-7B02-4989-BEE8-5B9102870BF8} = {FBFB0BE0-60C1-48B7-A4E8-8C79240A13A0}
		{D3E167A2-907B-4438-8B53-47AF59C48715} = {FBFB0BE0-60C1-48B7-A4E8-8C79240A13A0}
		{12CE9411-4688-4A78-BED0-86DB25150B63} = {FBFB0BE0-60C1-48B7-A4E8-8C79240A13A0}
		{8DB9142A-D11E-41B0-8BA5-57685DA88945} = {FBFB0BE0-60C1-48B7-A4E8-8C79240A13A0}
		{D2C9C1DD-6CAF-4612-874E-F42B22B3D003} = {FBFB0BE0-60C1-48B7-A4E8-8C79240A13A0}
		{B19219BB-F721-440D-BD05-D2FDD753204D} = {FBFB0BE0-60C1-48B7-A4E8-8C79240A13A0}
		{3BAB1177-1FF0-4BA7-BAE2-74C55766D7E5} = {FBFB0BE0-60C1-48B7-A4E8-8C79240A13A0}
		{CF7FCB92-9C7B-4D14-ADDD-252FB7693382} = {FBFB0BE0-60C1-48B7-A4E8-8C79240A13A0}
		{480A2BF1-1ABE-4621-8D9F-2F01112871D0} = {FBFB0BE0-60C1-48B7-A4E8-8C79240A13A0}
		{17532577-57D7-4021-9240-3822F880AB93} = {FBFB0BE0-60C1-48B7-A4E8-8C79240A13A0}
		{FB0EB367-9181-4D00-8F5C-EC52C9D2E278} = {FBFB0BE0-60C1-48B7-A4E8-8C79240A13A0}
		{1346E3CA-6FEE-44F7-A6FE-911313254217} = {FBFB0BE0-60C1-48B7-A4E8-8C79240A13A0}
		{093A6AEA-69EA-4DF4-87A2-9D5998A21F7D} = {FBFB0BE0-60C1-48B7-A4E8-8C79240A13A0}
		{D92E547A-B974-4118-BBD3-22B610B435BB} = {FBFB0BE0-60C1-48B7-A4E8-8C79240A13A0}
	EndGlobalSection
	GlobalSection(SolutionConfigurationPlatforms) = preSolution
		Debug|Any CPU = Debug|Any CPU
		Release|Any CPU = Release|Any CPU
	EndGlobalSection
	GlobalSection(ProjectConfigurationPlatforms) = postSolution
		{83580FF9-34FC-4D59-BCB9-E90359E6A2C8}.Debug|Any CPU.ActiveCfg = Debug|Any CPU
		{83580FF9-34FC-4D59-BCB9-E90359E6A2C8}.Debug|Any CPU.Build.0 = Debug|Any CPU
		{83580FF9-34FC-4D59-BCB9-E90359E6A2C8}.Release|Any CPU.ActiveCfg = Release|Any CPU
		{83580FF9-34FC-4D59-BCB9-E90359E6A2C8}.Release|Any CPU.Build.0 = Release|Any CPU
		{3BFCF4F1-6E2E-4A2B-9C23-E545FBFCDE3F}.Debug|Any CPU.ActiveCfg = Debug|Any CPU
		{3BFCF4F1-6E2E-4A2B-9C23-E545FBFCDE3F}.Debug|Any CPU.Build.0 = Debug|Any CPU
		{3BFCF4F1-6E2E-4A2B-9C23-E545FBFCDE3F}.Release|Any CPU.ActiveCfg = Release|Any CPU
		{3BFCF4F1-6E2E-4A2B-9C23-E545FBFCDE3F}.Release|Any CPU.Build.0 = Release|Any CPU
		{D6CFAFD0-8C02-40DA-9F3F-2AAD171A0B05}.Debug|Any CPU.ActiveCfg = Debug|Any CPU
		{D6CFAFD0-8C02-40DA-9F3F-2AAD171A0B05}.Debug|Any CPU.Build.0 = Debug|Any CPU
		{D6CFAFD0-8C02-40DA-9F3F-2AAD171A0B05}.Release|Any CPU.ActiveCfg = Release|Any CPU
		{D6CFAFD0-8C02-40DA-9F3F-2AAD171A0B05}.Release|Any CPU.Build.0 = Release|Any CPU
		{02C1FF01-F3CC-4D42-A06D-2646A391482A}.Debug|Any CPU.ActiveCfg = Debug|Any CPU
		{02C1FF01-F3CC-4D42-A06D-2646A391482A}.Debug|Any CPU.Build.0 = Debug|Any CPU
		{02C1FF01-F3CC-4D42-A06D-2646A391482A}.Release|Any CPU.ActiveCfg = Release|Any CPU
		{02C1FF01-F3CC-4D42-A06D-2646A391482A}.Release|Any CPU.Build.0 = Release|Any CPU
		{6C4820F6-E43D-4AB6-BB89-898FA5E7A14A}.Debug|Any CPU.ActiveCfg = Debug|Any CPU
		{6C4820F6-E43D-4AB6-BB89-898FA5E7A14A}.Debug|Any CPU.Build.0 = Debug|Any CPU
		{6C4820F6-E43D-4AB6-BB89-898FA5E7A14A}.Release|Any CPU.ActiveCfg = Release|Any CPU
		{6C4820F6-E43D-4AB6-BB89-898FA5E7A14A}.Release|Any CPU.Build.0 = Release|Any CPU
		{F939BF5D-73E4-434F-A479-2A469D737698}.Debug|Any CPU.ActiveCfg = Debug|Any CPU
		{F939BF5D-73E4-434F-A479-2A469D737698}.Debug|Any CPU.Build.0 = Debug|Any CPU
		{F939BF5D-73E4-434F-A479-2A469D737698}.Release|Any CPU.ActiveCfg = Release|Any CPU
		{F939BF5D-73E4-434F-A479-2A469D737698}.Release|Any CPU.Build.0 = Release|Any CPU
		{FFB64411-6DA6-4071-8D7B-38E63ED1C9AC}.Debug|Any CPU.ActiveCfg = Debug|Any CPU
		{FFB64411-6DA6-4071-8D7B-38E63ED1C9AC}.Debug|Any CPU.Build.0 = Debug|Any CPU
		{FFB64411-6DA6-4071-8D7B-38E63ED1C9AC}.Release|Any CPU.ActiveCfg = Release|Any CPU
		{FFB64411-6DA6-4071-8D7B-38E63ED1C9AC}.Release|Any CPU.Build.0 = Release|Any CPU
		{F2553F72-DF58-4CE8-9E6F-BB6C9FCB64E3}.Debug|Any CPU.ActiveCfg = Debug|Any CPU
		{F2553F72-DF58-4CE8-9E6F-BB6C9FCB64E3}.Debug|Any CPU.Build.0 = Debug|Any CPU
		{F2553F72-DF58-4CE8-9E6F-BB6C9FCB64E3}.Release|Any CPU.ActiveCfg = Release|Any CPU
		{F2553F72-DF58-4CE8-9E6F-BB6C9FCB64E3}.Release|Any CPU.Build.0 = Release|Any CPU
		{203C004D-DEFF-43FA-AEF5-40240EC39776}.Debug|Any CPU.ActiveCfg = Debug|Any CPU
		{203C004D-DEFF-43FA-AEF5-40240EC39776}.Debug|Any CPU.Build.0 = Debug|Any CPU
		{203C004D-DEFF-43FA-AEF5-40240EC39776}.Release|Any CPU.ActiveCfg = Release|Any CPU
		{203C004D-DEFF-43FA-AEF5-40240EC39776}.Release|Any CPU.Build.0 = Release|Any CPU
		{D0065D91-3F73-40F3-980D-FDBD289EFBAF}.Debug|Any CPU.ActiveCfg = Debug|Any CPU
		{D0065D91-3F73-40F3-980D-FDBD289EFBAF}.Debug|Any CPU.Build.0 = Debug|Any CPU
		{D0065D91-3F73-40F3-980D-FDBD289EFBAF}.Release|Any CPU.ActiveCfg = Release|Any CPU
		{D0065D91-3F73-40F3-980D-FDBD289EFBAF}.Release|Any CPU.Build.0 = Release|Any CPU
		{607DCE8A-8C1C-43E8-80CD-6E2EDB210473}.Debug|Any CPU.ActiveCfg = Debug|Any CPU
		{607DCE8A-8C1C-43E8-80CD-6E2EDB210473}.Debug|Any CPU.Build.0 = Debug|Any CPU
		{607DCE8A-8C1C-43E8-80CD-6E2EDB210473}.Release|Any CPU.ActiveCfg = Release|Any CPU
		{607DCE8A-8C1C-43E8-80CD-6E2EDB210473}.Release|Any CPU.Build.0 = Release|Any CPU
		{049F9673-3DD4-4F6B-978B-FEA65CF560AE}.Debug|Any CPU.ActiveCfg = Debug|Any CPU
		{049F9673-3DD4-4F6B-978B-FEA65CF560AE}.Debug|Any CPU.Build.0 = Debug|Any CPU
		{049F9673-3DD4-4F6B-978B-FEA65CF560AE}.Release|Any CPU.ActiveCfg = Release|Any CPU
		{049F9673-3DD4-4F6B-978B-FEA65CF560AE}.Release|Any CPU.Build.0 = Release|Any CPU
		{BD246C2E-A3BF-4E2D-A201-6569B5183471}.Debug|Any CPU.ActiveCfg = Debug|Any CPU
		{BD246C2E-A3BF-4E2D-A201-6569B5183471}.Debug|Any CPU.Build.0 = Debug|Any CPU
		{BD246C2E-A3BF-4E2D-A201-6569B5183471}.Release|Any CPU.ActiveCfg = Release|Any CPU
		{BD246C2E-A3BF-4E2D-A201-6569B5183471}.Release|Any CPU.Build.0 = Release|Any CPU
		{6EF29C48-7B02-4989-BEE8-5B9102870BF8}.Debug|Any CPU.ActiveCfg = Debug|Any CPU
		{6EF29C48-7B02-4989-BEE8-5B9102870BF8}.Debug|Any CPU.Build.0 = Debug|Any CPU
		{6EF29C48-7B02-4989-BEE8-5B9102870BF8}.Release|Any CPU.ActiveCfg = Release|Any CPU
		{6EF29C48-7B02-4989-BEE8-5B9102870BF8}.Release|Any CPU.Build.0 = Release|Any CPU
		{D3E167A2-907B-4438-8B53-47AF59C48715}.Debug|Any CPU.ActiveCfg = Debug|Any CPU
		{D3E167A2-907B-4438-8B53-47AF59C48715}.Debug|Any CPU.Build.0 = Debug|Any CPU
		{D3E167A2-907B-4438-8B53-47AF59C48715}.Release|Any CPU.ActiveCfg = Release|Any CPU
		{D3E167A2-907B-4438-8B53-47AF59C48715}.Release|Any CPU.Build.0 = Release|Any CPU
		{12CE9411-4688-4A78-BED0-86DB25150B63}.Debug|Any CPU.ActiveCfg = Debug|Any CPU
		{12CE9411-4688-4A78-BED0-86DB25150B63}.Debug|Any CPU.Build.0 = Debug|Any CPU
		{12CE9411-4688-4A78-BED0-86DB25150B63}.Release|Any CPU.ActiveCfg = Release|Any CPU
		{12CE9411-4688-4A78-BED0-86DB25150B63}.Release|Any CPU.Build.0 = Release|Any CPU
		{8DB9142A-D11E-41B0-8BA5-57685DA88945}.Debug|Any CPU.ActiveCfg = Debug|Any CPU
		{8DB9142A-D11E-41B0-8BA5-57685DA88945}.Debug|Any CPU.Build.0 = Debug|Any CPU
		{8DB9142A-D11E-41B0-8BA5-57685DA88945}.Release|Any CPU.ActiveCfg = Release|Any CPU
		{8DB9142A-D11E-41B0-8BA5-57685DA88945}.Release|Any CPU.Build.0 = Release|Any CPU
		{D2C9C1DD-6CAF-4612-874E-F42B22B3D003}.Debug|Any CPU.ActiveCfg = Debug|Any CPU
		{D2C9C1DD-6CAF-4612-874E-F42B22B3D003}.Debug|Any CPU.Build.0 = Debug|Any CPU
		{D2C9C1DD-6CAF-4612-874E-F42B22B3D003}.Release|Any CPU.ActiveCfg = Release|Any CPU
		{D2C9C1DD-6CAF-4612-874E-F42B22B3D003}.Release|Any CPU.Build.0 = Release|Any CPU
		{B19219BB-F721-440D-BD05-D2FDD753204D}.Debug|Any CPU.ActiveCfg = Debug|Any CPU
		{B19219BB-F721-440D-BD05-D2FDD753204D}.Debug|Any CPU.Build.0 = Debug|Any CPU
		{B19219BB-F721-440D-BD05-D2FDD753204D}.Release|Any CPU.ActiveCfg = Release|Any CPU
		{B19219BB-F721-440D-BD05-D2FDD753204D}.Release|Any CPU.Build.0 = Release|Any CPU
		{3BAB1177-1FF0-4BA7-BAE2-74C55766D7E5}.Debug|Any CPU.ActiveCfg = Debug|Any CPU
		{3BAB1177-1FF0-4BA7-BAE2-74C55766D7E5}.Debug|Any CPU.Build.0 = Debug|Any CPU
		{3BAB1177-1FF0-4BA7-BAE2-74C55766D7E5}.Release|Any CPU.ActiveCfg = Release|Any CPU
		{3BAB1177-1FF0-4BA7-BAE2-74C55766D7E5}.Release|Any CPU.Build.0 = Release|Any CPU
		{CF7FCB92-9C7B-4D14-ADDD-252FB7693382}.Debug|Any CPU.ActiveCfg = Debug|Any CPU
		{CF7FCB92-9C7B-4D14-ADDD-252FB7693382}.Debug|Any CPU.Build.0 = Debug|Any CPU
		{CF7FCB92-9C7B-4D14-ADDD-252FB7693382}.Release|Any CPU.ActiveCfg = Release|Any CPU
		{CF7FCB92-9C7B-4D14-ADDD-252FB7693382}.Release|Any CPU.Build.0 = Release|Any CPU
		{480A2BF1-1ABE-4621-8D9F-2F01112871D0}.Debug|Any CPU.ActiveCfg = Debug|Any CPU
		{480A2BF1-1ABE-4621-8D9F-2F01112871D0}.Debug|Any CPU.Build.0 = Debug|Any CPU
		{480A2BF1-1ABE-4621-8D9F-2F01112871D0}.Release|Any CPU.ActiveCfg = Release|Any CPU
		{480A2BF1-1ABE-4621-8D9F-2F01112871D0}.Release|Any CPU.Build.0 = Release|Any CPU
		{17532577-57D7-4021-9240-3822F880AB93}.Debug|Any CPU.ActiveCfg = Debug|Any CPU
		{17532577-57D7-4021-9240-3822F880AB93}.Debug|Any CPU.Build.0 = Debug|Any CPU
		{17532577-57D7-4021-9240-3822F880AB93}.Release|Any CPU.ActiveCfg = Release|Any CPU
		{17532577-57D7-4021-9240-3822F880AB93}.Release|Any CPU.Build.0 = Release|Any CPU
		{FB0EB367-9181-4D00-8F5C-EC52C9D2E278}.Debug|Any CPU.ActiveCfg = Debug|Any CPU
		{FB0EB367-9181-4D00-8F5C-EC52C9D2E278}.Debug|Any CPU.Build.0 = Debug|Any CPU
		{FB0EB367-9181-4D00-8F5C-EC52C9D2E278}.Release|Any CPU.ActiveCfg = Release|Any CPU
		{FB0EB367-9181-4D00-8F5C-EC52C9D2E278}.Release|Any CPU.Build.0 = Release|Any CPU
		{1346E3CA-6FEE-44F7-A6FE-911313254217}.Debug|Any CPU.ActiveCfg = Debug|Any CPU
		{1346E3CA-6FEE-44F7-A6FE-911313254217}.Debug|Any CPU.Build.0 = Debug|Any CPU
		{1346E3CA-6FEE-44F7-A6FE-911313254217}.Release|Any CPU.ActiveCfg = Release|Any CPU
		{1346E3CA-6FEE-44F7-A6FE-911313254217}.Release|Any CPU.Build.0 = Release|Any CPU
		{093A6AEA-69EA-4DF4-87A2-9D5998A21F7D}.Debug|Any CPU.ActiveCfg = Debug|Any CPU
		{093A6AEA-69EA-4DF4-87A2-9D5998A21F7D}.Debug|Any CPU.Build.0 = Debug|Any CPU
		{093A6AEA-69EA-4DF4-87A2-9D5998A21F7D}.Release|Any CPU.ActiveCfg = Release|Any CPU
		{093A6AEA-69EA-4DF4-87A2-9D5998A21F7D}.Release|Any CPU.Build.0 = Release|Any CPU
		{D92E547A-B974-4118-BBD3-22B610B435BB}.Debug|Any CPU.ActiveCfg = Debug|Any CPU
		{D92E547A-B974-4118-BBD3-22B610B435BB}.Debug|Any CPU.Build.0 = Debug|Any CPU
		{D92E547A-B974-4118-BBD3-22B610B435BB}.Release|Any CPU.ActiveCfg = Release|Any CPU
		{D92E547A-B974-4118-BBD3-22B610B435BB}.Release|Any CPU.Build.0 = Release|Any CPU
	EndGlobalSection
	GlobalSection(SolutionProperties) = preSolution
		HideSolutionNode = FALSE
	EndGlobalSection
	GlobalSection(ExtensibilityGlobals) = postSolution
		SolutionGuid = {BB0E51BA-9D84-4F55-8E89-19CD6B3A02AA}
	EndGlobalSection
EndGlobal
