
Microsoft Visual Studio Solution File, Format Version 12.00
# Visual Studio Version 17
VisualStudioVersion = 17.2.32630.192
MinimumVisualStudioVersion = 10.0.40219.1
Project("{9A19103F-16F7-4668-BE54-9A1E7A4F7556}") = "R5T.O0022.Construction", "R5T.O0022.Construction\R5T.O0022.Construction.csproj", "{53E53CB9-F595-427D-AF1C-95DB0E1FE4DB}"
EndProject
Project("{9A19103F-16F7-4668-BE54-9A1E7A4F7556}") = "R5T.O0022", "R5T.O0022\R5T.O0022.csproj", "{B64AD36F-3077-434E-A277-3C7804012C6B}"
EndProject
Project("{2150E333-8FDC-42A3-9474-1A3956D46DE8}") = "_Dependencies", "_Dependencies", "{29C294E2-1B99-4C31-96F3-A7A84B282925}"
EndProject
Project("{9A19103F-16F7-4668-BE54-9A1E7A4F7556}") = "R5T.F0000", "..\..\R5T.F0000\source\R5T.F0000\R5T.F0000.csproj", "{96AC0358-3D61-4C3B-A521-3539E5587CA3}"
EndProject
Project("{9A19103F-16F7-4668-BE54-9A1E7A4F7556}") = "R5T.F0002", "..\..\R5T.F0002\source\R5T.F0002\R5T.F0002.csproj", "{8647FFC2-D249-4E2B-956E-09E3BB78D915}"
EndProject
Project("{9A19103F-16F7-4668-BE54-9A1E7A4F7556}") = "R5T.F0120", "..\..\R5T.F0120\source\R5T.F0120\R5T.F0120.csproj", "{A535BBA1-C8E4-4F9B-868C-4E5A9741ACD4}"
EndProject
Project("{9A19103F-16F7-4668-BE54-9A1E7A4F7556}") = "R5T.F0124", "..\..\R5T.F0124\source\R5T.F0124\R5T.F0124.csproj", "{81A686D2-9557-4148-BE84-F052D3C275BF}"
EndProject
Project("{9A19103F-16F7-4668-BE54-9A1E7A4F7556}") = "R5T.F0125", "..\..\R5T.F0125\source\R5T.F0125\R5T.F0125.csproj", "{0E33BFF3-73CB-4339-B82B-BB62EBDEFE5F}"
EndProject
Project("{9A19103F-16F7-4668-BE54-9A1E7A4F7556}") = "R5T.F0137", "..\..\R5T.F0137\source\R5T.F0137\R5T.F0137.csproj", "{1AC72109-B96A-427F-885B-69F5CCF72CCF}"
EndProject
Project("{9A19103F-16F7-4668-BE54-9A1E7A4F7556}") = "R5T.L0030.T000", "..\..\R5T.L0030\source\R5T.L0030.T000\R5T.L0030.T000.csproj", "{D03C13BA-9AEB-4F81-9E1D-6ABBCE232AA7}"
EndProject
Project("{9A19103F-16F7-4668-BE54-9A1E7A4F7556}") = "R5T.L0030", "..\..\R5T.L0030\source\R5T.L0030\R5T.L0030.csproj", "{B47D1FDE-8559-4B5F-97C2-74D9BDDBA1CC}"
EndProject
Project("{9A19103F-16F7-4668-BE54-9A1E7A4F7556}") = "R5T.L0034", "..\..\R5T.L0034\source\R5T.L0034\R5T.L0034.csproj", "{2B3EC87E-85E9-4E1F-891D-5D49869B60A3}"
EndProject
Project("{9A19103F-16F7-4668-BE54-9A1E7A4F7556}") = "R5T.L0035", "..\..\R5T.L0035\source\R5T.L0035\R5T.L0035.csproj", "{F4C6F60A-255E-4179-BF09-9ECA6B7B3C48}"
EndProject
Project("{9A19103F-16F7-4668-BE54-9A1E7A4F7556}") = "R5T.T0131", "..\..\R5T.T0131\source\R5T.T0131\R5T.T0131.csproj", "{540F7F19-764A-4C7E-A9D9-6A983DA652A5}"
EndProject
Project("{9A19103F-16F7-4668-BE54-9A1E7A4F7556}") = "R5T.T0132", "..\..\R5T.T0132\source\R5T.T0132\R5T.T0132.csproj", "{C14CC9C6-A0A7-4A28-822C-781E70D22475}"
EndProject
Project("{9A19103F-16F7-4668-BE54-9A1E7A4F7556}") = "R5T.T0142", "..\..\R5T.T0142\source\R5T.T0142\R5T.T0142.csproj", "{675AF022-005D-4CAD-9B0D-EF97156ACED4}"
EndProject
Project("{9A19103F-16F7-4668-BE54-9A1E7A4F7556}") = "R5T.T0143", "..\..\R5T.T0143\source\R5T.T0143\R5T.T0143.csproj", "{3138A865-1CC3-429A-9BA3-BF86D11B08DF}"
EndProject
Project("{9A19103F-16F7-4668-BE54-9A1E7A4F7556}") = "R5T.T0156", "..\..\R5T.T0156\source\R5T.T0156\R5T.T0156.csproj", "{08D7284B-B7BD-42E9-9635-11BBD115B8E3}"
EndProject
Project("{9A19103F-16F7-4668-BE54-9A1E7A4F7556}") = "R5T.T0174", "..\..\R5T.T0174\source\R5T.T0174\R5T.T0174.csproj", "{46F4C9CA-6FC0-498D-A350-D12FBF3BC838}"
EndProject
Project("{9A19103F-16F7-4668-BE54-9A1E7A4F7556}") = "R5T.T0176", "..\..\R5T.T0176\source\R5T.T0176\R5T.T0176.csproj", "{6257489F-C965-480F-9418-C72F2BEAE5A6}"
EndProject
Project("{9A19103F-16F7-4668-BE54-9A1E7A4F7556}") = "R5T.T0177", "..\..\R5T.T0177\source\R5T.T0177\R5T.T0177.csproj", "{EEDEB343-246E-487D-B1E6-50FE5E92328F}"
EndProject
Project("{9A19103F-16F7-4668-BE54-9A1E7A4F7556}") = "R5T.T0178", "..\..\R5T.T0178\source\R5T.T0178\R5T.T0178.csproj", "{5B68CCCA-E075-4B87-93FA-18B93007B016}"
EndProject
Project("{9A19103F-16F7-4668-BE54-9A1E7A4F7556}") = "R5T.T0179", "..\..\R5T.T0179\source\R5T.T0179\R5T.T0179.csproj", "{B3556107-5601-43CB-82F1-1C0A2651852A}"
EndProject
Project("{9A19103F-16F7-4668-BE54-9A1E7A4F7556}") = "R5T.T0180", "..\..\R5T.T0180\source\R5T.T0180\R5T.T0180.csproj", "{AFEA45D6-D578-430D-9D51-434DAE99A14B}"
EndProject
Project("{9A19103F-16F7-4668-BE54-9A1E7A4F7556}") = "R5T.T0181", "..\..\R5T.T0181\source\R5T.T0181\R5T.T0181.csproj", "{4FF192A8-6F27-4D53-9B4F-C12A6C5D0EEA}"
EndProject
Project("{9A19103F-16F7-4668-BE54-9A1E7A4F7556}") = "R5T.T0185", "..\..\R5T.T0185\source\R5T.T0185\R5T.T0185.csproj", "{E9D496B3-E1C4-4DA9-AAB4-7D42DE3B5CA8}"
EndProject
Project("{9A19103F-16F7-4668-BE54-9A1E7A4F7556}") = "R5T.T0203", "..\..\R5T.T0203\source\R5T.T0203\R5T.T0203.csproj", "{6BE9761B-5DA4-4FC7-ABEF-CFC861265071}"
EndProject
Project("{9A19103F-16F7-4668-BE54-9A1E7A4F7556}") = "R5T.Y0000", "..\..\R5T.Y0000\source\R5T.Y0000\R5T.Y0000.csproj", "{005024DA-6AC2-4111-95D5-9AF35EE661EB}"
EndProject
Project("{9A19103F-16F7-4668-BE54-9A1E7A4F7556}") = "R5T.Z0000", "..\..\R5T.Z0000\source\R5T.Z0000\R5T.Z0000.csproj", "{9EC0BCDC-0EF2-467E-A4AE-BF45D6B535B6}"
EndProject
Global
	GlobalSection(NestedProjects) = preSolution
		{96AC0358-3D61-4C3B-A521-3539E5587CA3} = {29C294E2-1B99-4C31-96F3-A7A84B282925}
		{8647FFC2-D249-4E2B-956E-09E3BB78D915} = {29C294E2-1B99-4C31-96F3-A7A84B282925}
		{A535BBA1-C8E4-4F9B-868C-4E5A9741ACD4} = {29C294E2-1B99-4C31-96F3-A7A84B282925}
		{81A686D2-9557-4148-BE84-F052D3C275BF} = {29C294E2-1B99-4C31-96F3-A7A84B282925}
		{0E33BFF3-73CB-4339-B82B-BB62EBDEFE5F} = {29C294E2-1B99-4C31-96F3-A7A84B282925}
		{1AC72109-B96A-427F-885B-69F5CCF72CCF} = {29C294E2-1B99-4C31-96F3-A7A84B282925}
		{D03C13BA-9AEB-4F81-9E1D-6ABBCE232AA7} = {29C294E2-1B99-4C31-96F3-A7A84B282925}
		{B47D1FDE-8559-4B5F-97C2-74D9BDDBA1CC} = {29C294E2-1B99-4C31-96F3-A7A84B282925}
		{2B3EC87E-85E9-4E1F-891D-5D49869B60A3} = {29C294E2-1B99-4C31-96F3-A7A84B282925}
		{F4C6F60A-255E-4179-BF09-9ECA6B7B3C48} = {29C294E2-1B99-4C31-96F3-A7A84B282925}
		{540F7F19-764A-4C7E-A9D9-6A983DA652A5} = {29C294E2-1B99-4C31-96F3-A7A84B282925}
		{C14CC9C6-A0A7-4A28-822C-781E70D22475} = {29C294E2-1B99-4C31-96F3-A7A84B282925}
		{675AF022-005D-4CAD-9B0D-EF97156ACED4} = {29C294E2-1B99-4C31-96F3-A7A84B282925}
		{3138A865-1CC3-429A-9BA3-BF86D11B08DF} = {29C294E2-1B99-4C31-96F3-A7A84B282925}
		{08D7284B-B7BD-42E9-9635-11BBD115B8E3} = {29C294E2-1B99-4C31-96F3-A7A84B282925}
		{46F4C9CA-6FC0-498D-A350-D12FBF3BC838} = {29C294E2-1B99-4C31-96F3-A7A84B282925}
		{6257489F-C965-480F-9418-C72F2BEAE5A6} = {29C294E2-1B99-4C31-96F3-A7A84B282925}
		{EEDEB343-246E-487D-B1E6-50FE5E92328F} = {29C294E2-1B99-4C31-96F3-A7A84B282925}
		{5B68CCCA-E075-4B87-93FA-18B93007B016} = {29C294E2-1B99-4C31-96F3-A7A84B282925}
		{B3556107-5601-43CB-82F1-1C0A2651852A} = {29C294E2-1B99-4C31-96F3-A7A84B282925}
		{AFEA45D6-D578-430D-9D51-434DAE99A14B} = {29C294E2-1B99-4C31-96F3-A7A84B282925}
		{4FF192A8-6F27-4D53-9B4F-C12A6C5D0EEA} = {29C294E2-1B99-4C31-96F3-A7A84B282925}
		{E9D496B3-E1C4-4DA9-AAB4-7D42DE3B5CA8} = {29C294E2-1B99-4C31-96F3-A7A84B282925}
		{6BE9761B-5DA4-4FC7-ABEF-CFC861265071} = {29C294E2-1B99-4C31-96F3-A7A84B282925}
		{005024DA-6AC2-4111-95D5-9AF35EE661EB} = {29C294E2-1B99-4C31-96F3-A7A84B282925}
		{9EC0BCDC-0EF2-467E-A4AE-BF45D6B535B6} = {29C294E2-1B99-4C31-96F3-A7A84B282925}
	EndGlobalSection
	GlobalSection(SolutionConfigurationPlatforms) = preSolution
		Debug|Any CPU = Debug|Any CPU
		Release|Any CPU = Release|Any CPU
	EndGlobalSection
	GlobalSection(ProjectConfigurationPlatforms) = postSolution
		{53E53CB9-F595-427D-AF1C-95DB0E1FE4DB}.Debug|Any CPU.ActiveCfg = Debug|Any CPU
		{53E53CB9-F595-427D-AF1C-95DB0E1FE4DB}.Debug|Any CPU.Build.0 = Debug|Any CPU
		{53E53CB9-F595-427D-AF1C-95DB0E1FE4DB}.Release|Any CPU.ActiveCfg = Release|Any CPU
		{53E53CB9-F595-427D-AF1C-95DB0E1FE4DB}.Release|Any CPU.Build.0 = Release|Any CPU
		{B64AD36F-3077-434E-A277-3C7804012C6B}.Debug|Any CPU.ActiveCfg = Debug|Any CPU
		{B64AD36F-3077-434E-A277-3C7804012C6B}.Debug|Any CPU.Build.0 = Debug|Any CPU
		{B64AD36F-3077-434E-A277-3C7804012C6B}.Release|Any CPU.ActiveCfg = Release|Any CPU
		{B64AD36F-3077-434E-A277-3C7804012C6B}.Release|Any CPU.Build.0 = Release|Any CPU
		{96AC0358-3D61-4C3B-A521-3539E5587CA3}.Debug|Any CPU.ActiveCfg = Debug|Any CPU
		{96AC0358-3D61-4C3B-A521-3539E5587CA3}.Debug|Any CPU.Build.0 = Debug|Any CPU
		{96AC0358-3D61-4C3B-A521-3539E5587CA3}.Release|Any CPU.ActiveCfg = Release|Any CPU
		{96AC0358-3D61-4C3B-A521-3539E5587CA3}.Release|Any CPU.Build.0 = Release|Any CPU
		{8647FFC2-D249-4E2B-956E-09E3BB78D915}.Debug|Any CPU.ActiveCfg = Debug|Any CPU
		{8647FFC2-D249-4E2B-956E-09E3BB78D915}.Debug|Any CPU.Build.0 = Debug|Any CPU
		{8647FFC2-D249-4E2B-956E-09E3BB78D915}.Release|Any CPU.ActiveCfg = Release|Any CPU
		{8647FFC2-D249-4E2B-956E-09E3BB78D915}.Release|Any CPU.Build.0 = Release|Any CPU
		{A535BBA1-C8E4-4F9B-868C-4E5A9741ACD4}.Debug|Any CPU.ActiveCfg = Debug|Any CPU
		{A535BBA1-C8E4-4F9B-868C-4E5A9741ACD4}.Debug|Any CPU.Build.0 = Debug|Any CPU
		{A535BBA1-C8E4-4F9B-868C-4E5A9741ACD4}.Release|Any CPU.ActiveCfg = Release|Any CPU
		{A535BBA1-C8E4-4F9B-868C-4E5A9741ACD4}.Release|Any CPU.Build.0 = Release|Any CPU
		{81A686D2-9557-4148-BE84-F052D3C275BF}.Debug|Any CPU.ActiveCfg = Debug|Any CPU
		{81A686D2-9557-4148-BE84-F052D3C275BF}.Debug|Any CPU.Build.0 = Debug|Any CPU
		{81A686D2-9557-4148-BE84-F052D3C275BF}.Release|Any CPU.ActiveCfg = Release|Any CPU
		{81A686D2-9557-4148-BE84-F052D3C275BF}.Release|Any CPU.Build.0 = Release|Any CPU
		{0E33BFF3-73CB-4339-B82B-BB62EBDEFE5F}.Debug|Any CPU.ActiveCfg = Debug|Any CPU
		{0E33BFF3-73CB-4339-B82B-BB62EBDEFE5F}.Debug|Any CPU.Build.0 = Debug|Any CPU
		{0E33BFF3-73CB-4339-B82B-BB62EBDEFE5F}.Release|Any CPU.ActiveCfg = Release|Any CPU
		{0E33BFF3-73CB-4339-B82B-BB62EBDEFE5F}.Release|Any CPU.Build.0 = Release|Any CPU
		{1AC72109-B96A-427F-885B-69F5CCF72CCF}.Debug|Any CPU.ActiveCfg = Debug|Any CPU
		{1AC72109-B96A-427F-885B-69F5CCF72CCF}.Debug|Any CPU.Build.0 = Debug|Any CPU
		{1AC72109-B96A-427F-885B-69F5CCF72CCF}.Release|Any CPU.ActiveCfg = Release|Any CPU
		{1AC72109-B96A-427F-885B-69F5CCF72CCF}.Release|Any CPU.Build.0 = Release|Any CPU
		{D03C13BA-9AEB-4F81-9E1D-6ABBCE232AA7}.Debug|Any CPU.ActiveCfg = Debug|Any CPU
		{D03C13BA-9AEB-4F81-9E1D-6ABBCE232AA7}.Debug|Any CPU.Build.0 = Debug|Any CPU
		{D03C13BA-9AEB-4F81-9E1D-6ABBCE232AA7}.Release|Any CPU.ActiveCfg = Release|Any CPU
		{D03C13BA-9AEB-4F81-9E1D-6ABBCE232AA7}.Release|Any CPU.Build.0 = Release|Any CPU
		{B47D1FDE-8559-4B5F-97C2-74D9BDDBA1CC}.Debug|Any CPU.ActiveCfg = Debug|Any CPU
		{B47D1FDE-8559-4B5F-97C2-74D9BDDBA1CC}.Debug|Any CPU.Build.0 = Debug|Any CPU
		{B47D1FDE-8559-4B5F-97C2-74D9BDDBA1CC}.Release|Any CPU.ActiveCfg = Release|Any CPU
		{B47D1FDE-8559-4B5F-97C2-74D9BDDBA1CC}.Release|Any CPU.Build.0 = Release|Any CPU
		{2B3EC87E-85E9-4E1F-891D-5D49869B60A3}.Debug|Any CPU.ActiveCfg = Debug|Any CPU
		{2B3EC87E-85E9-4E1F-891D-5D49869B60A3}.Debug|Any CPU.Build.0 = Debug|Any CPU
		{2B3EC87E-85E9-4E1F-891D-5D49869B60A3}.Release|Any CPU.ActiveCfg = Release|Any CPU
		{2B3EC87E-85E9-4E1F-891D-5D49869B60A3}.Release|Any CPU.Build.0 = Release|Any CPU
		{F4C6F60A-255E-4179-BF09-9ECA6B7B3C48}.Debug|Any CPU.ActiveCfg = Debug|Any CPU
		{F4C6F60A-255E-4179-BF09-9ECA6B7B3C48}.Debug|Any CPU.Build.0 = Debug|Any CPU
		{F4C6F60A-255E-4179-BF09-9ECA6B7B3C48}.Release|Any CPU.ActiveCfg = Release|Any CPU
		{F4C6F60A-255E-4179-BF09-9ECA6B7B3C48}.Release|Any CPU.Build.0 = Release|Any CPU
		{540F7F19-764A-4C7E-A9D9-6A983DA652A5}.Debug|Any CPU.ActiveCfg = Debug|Any CPU
		{540F7F19-764A-4C7E-A9D9-6A983DA652A5}.Debug|Any CPU.Build.0 = Debug|Any CPU
		{540F7F19-764A-4C7E-A9D9-6A983DA652A5}.Release|Any CPU.ActiveCfg = Release|Any CPU
		{540F7F19-764A-4C7E-A9D9-6A983DA652A5}.Release|Any CPU.Build.0 = Release|Any CPU
		{C14CC9C6-A0A7-4A28-822C-781E70D22475}.Debug|Any CPU.ActiveCfg = Debug|Any CPU
		{C14CC9C6-A0A7-4A28-822C-781E70D22475}.Debug|Any CPU.Build.0 = Debug|Any CPU
		{C14CC9C6-A0A7-4A28-822C-781E70D22475}.Release|Any CPU.ActiveCfg = Release|Any CPU
		{C14CC9C6-A0A7-4A28-822C-781E70D22475}.Release|Any CPU.Build.0 = Release|Any CPU
		{675AF022-005D-4CAD-9B0D-EF97156ACED4}.Debug|Any CPU.ActiveCfg = Debug|Any CPU
		{675AF022-005D-4CAD-9B0D-EF97156ACED4}.Debug|Any CPU.Build.0 = Debug|Any CPU
		{675AF022-005D-4CAD-9B0D-EF97156ACED4}.Release|Any CPU.ActiveCfg = Release|Any CPU
		{675AF022-005D-4CAD-9B0D-EF97156ACED4}.Release|Any CPU.Build.0 = Release|Any CPU
		{3138A865-1CC3-429A-9BA3-BF86D11B08DF}.Debug|Any CPU.ActiveCfg = Debug|Any CPU
		{3138A865-1CC3-429A-9BA3-BF86D11B08DF}.Debug|Any CPU.Build.0 = Debug|Any CPU
		{3138A865-1CC3-429A-9BA3-BF86D11B08DF}.Release|Any CPU.ActiveCfg = Release|Any CPU
		{3138A865-1CC3-429A-9BA3-BF86D11B08DF}.Release|Any CPU.Build.0 = Release|Any CPU
		{08D7284B-B7BD-42E9-9635-11BBD115B8E3}.Debug|Any CPU.ActiveCfg = Debug|Any CPU
		{08D7284B-B7BD-42E9-9635-11BBD115B8E3}.Debug|Any CPU.Build.0 = Debug|Any CPU
		{08D7284B-B7BD-42E9-9635-11BBD115B8E3}.Release|Any CPU.ActiveCfg = Release|Any CPU
		{08D7284B-B7BD-42E9-9635-11BBD115B8E3}.Release|Any CPU.Build.0 = Release|Any CPU
		{46F4C9CA-6FC0-498D-A350-D12FBF3BC838}.Debug|Any CPU.ActiveCfg = Debug|Any CPU
		{46F4C9CA-6FC0-498D-A350-D12FBF3BC838}.Debug|Any CPU.Build.0 = Debug|Any CPU
		{46F4C9CA-6FC0-498D-A350-D12FBF3BC838}.Release|Any CPU.ActiveCfg = Release|Any CPU
		{46F4C9CA-6FC0-498D-A350-D12FBF3BC838}.Release|Any CPU.Build.0 = Release|Any CPU
		{6257489F-C965-480F-9418-C72F2BEAE5A6}.Debug|Any CPU.ActiveCfg = Debug|Any CPU
		{6257489F-C965-480F-9418-C72F2BEAE5A6}.Debug|Any CPU.Build.0 = Debug|Any CPU
		{6257489F-C965-480F-9418-C72F2BEAE5A6}.Release|Any CPU.ActiveCfg = Release|Any CPU
		{6257489F-C965-480F-9418-C72F2BEAE5A6}.Release|Any CPU.Build.0 = Release|Any CPU
		{EEDEB343-246E-487D-B1E6-50FE5E92328F}.Debug|Any CPU.ActiveCfg = Debug|Any CPU
		{EEDEB343-246E-487D-B1E6-50FE5E92328F}.Debug|Any CPU.Build.0 = Debug|Any CPU
		{EEDEB343-246E-487D-B1E6-50FE5E92328F}.Release|Any CPU.ActiveCfg = Release|Any CPU
		{EEDEB343-246E-487D-B1E6-50FE5E92328F}.Release|Any CPU.Build.0 = Release|Any CPU
		{5B68CCCA-E075-4B87-93FA-18B93007B016}.Debug|Any CPU.ActiveCfg = Debug|Any CPU
		{5B68CCCA-E075-4B87-93FA-18B93007B016}.Debug|Any CPU.Build.0 = Debug|Any CPU
		{5B68CCCA-E075-4B87-93FA-18B93007B016}.Release|Any CPU.ActiveCfg = Release|Any CPU
		{5B68CCCA-E075-4B87-93FA-18B93007B016}.Release|Any CPU.Build.0 = Release|Any CPU
		{B3556107-5601-43CB-82F1-1C0A2651852A}.Debug|Any CPU.ActiveCfg = Debug|Any CPU
		{B3556107-5601-43CB-82F1-1C0A2651852A}.Debug|Any CPU.Build.0 = Debug|Any CPU
		{B3556107-5601-43CB-82F1-1C0A2651852A}.Release|Any CPU.ActiveCfg = Release|Any CPU
		{B3556107-5601-43CB-82F1-1C0A2651852A}.Release|Any CPU.Build.0 = Release|Any CPU
		{AFEA45D6-D578-430D-9D51-434DAE99A14B}.Debug|Any CPU.ActiveCfg = Debug|Any CPU
		{AFEA45D6-D578-430D-9D51-434DAE99A14B}.Debug|Any CPU.Build.0 = Debug|Any CPU
		{AFEA45D6-D578-430D-9D51-434DAE99A14B}.Release|Any CPU.ActiveCfg = Release|Any CPU
		{AFEA45D6-D578-430D-9D51-434DAE99A14B}.Release|Any CPU.Build.0 = Release|Any CPU
		{4FF192A8-6F27-4D53-9B4F-C12A6C5D0EEA}.Debug|Any CPU.ActiveCfg = Debug|Any CPU
		{4FF192A8-6F27-4D53-9B4F-C12A6C5D0EEA}.Debug|Any CPU.Build.0 = Debug|Any CPU
		{4FF192A8-6F27-4D53-9B4F-C12A6C5D0EEA}.Release|Any CPU.ActiveCfg = Release|Any CPU
		{4FF192A8-6F27-4D53-9B4F-C12A6C5D0EEA}.Release|Any CPU.Build.0 = Release|Any CPU
		{E9D496B3-E1C4-4DA9-AAB4-7D42DE3B5CA8}.Debug|Any CPU.ActiveCfg = Debug|Any CPU
		{E9D496B3-E1C4-4DA9-AAB4-7D42DE3B5CA8}.Debug|Any CPU.Build.0 = Debug|Any CPU
		{E9D496B3-E1C4-4DA9-AAB4-7D42DE3B5CA8}.Release|Any CPU.ActiveCfg = Release|Any CPU
		{E9D496B3-E1C4-4DA9-AAB4-7D42DE3B5CA8}.Release|Any CPU.Build.0 = Release|Any CPU
		{6BE9761B-5DA4-4FC7-ABEF-CFC861265071}.Debug|Any CPU.ActiveCfg = Debug|Any CPU
		{6BE9761B-5DA4-4FC7-ABEF-CFC861265071}.Debug|Any CPU.Build.0 = Debug|Any CPU
		{6BE9761B-5DA4-4FC7-ABEF-CFC861265071}.Release|Any CPU.ActiveCfg = Release|Any CPU
		{6BE9761B-5DA4-4FC7-ABEF-CFC861265071}.Release|Any CPU.Build.0 = Release|Any CPU
		{005024DA-6AC2-4111-95D5-9AF35EE661EB}.Debug|Any CPU.ActiveCfg = Debug|Any CPU
		{005024DA-6AC2-4111-95D5-9AF35EE661EB}.Debug|Any CPU.Build.0 = Debug|Any CPU
		{005024DA-6AC2-4111-95D5-9AF35EE661EB}.Release|Any CPU.ActiveCfg = Release|Any CPU
		{005024DA-6AC2-4111-95D5-9AF35EE661EB}.Release|Any CPU.Build.0 = Release|Any CPU
		{9EC0BCDC-0EF2-467E-A4AE-BF45D6B535B6}.Debug|Any CPU.ActiveCfg = Debug|Any CPU
		{9EC0BCDC-0EF2-467E-A4AE-BF45D6B535B6}.Debug|Any CPU.Build.0 = Debug|Any CPU
		{9EC0BCDC-0EF2-467E-A4AE-BF45D6B535B6}.Release|Any CPU.ActiveCfg = Release|Any CPU
		{9EC0BCDC-0EF2-467E-A4AE-BF45D6B535B6}.Release|Any CPU.Build.0 = Release|Any CPU
	EndGlobalSection
	GlobalSection(SolutionProperties) = preSolution
		HideSolutionNode = FALSE
	EndGlobalSection
	GlobalSection(ExtensibilityGlobals) = postSolution
		SolutionGuid = {C59DE147-716C-4D56-BD07-777311A855F0}
	EndGlobalSection
EndGlobal
